// !$*UTF8*$!
{
	archiveVersion = 1;
	classes = {
	};
	objectVersion = 56;
	objects = {

/* Begin PBXBuildFile section */
		E4047B4928F16E6600274B81 /* MedicationExportApp.swift in Sources */ = {isa = PBXBuildFile; fileRef = E4047B4828F16E6600274B81 /* MedicationExportApp.swift */; };
		E4047B4B28F16E6600274B81 /* ContentView.swift in Sources */ = {isa = PBXBuildFile; fileRef = E4047B4A28F16E6600274B81 /* ContentView.swift */; };
		E4047B4D28F16E6700274B81 /* Assets.xcassets in Resources */ = {isa = PBXBuildFile; fileRef = E4047B4C28F16E6700274B81 /* Assets.xcassets */; };
		E4047B5028F16E6700274B81 /* Preview Assets.xcassets in Resources */ = {isa = PBXBuildFile; fileRef = E4047B4F28F16E6700274B81 /* Preview Assets.xcassets */; };
		E4047B5228F16E6700274B81 /* Persistence.swift in Sources */ = {isa = PBXBuildFile; fileRef = E4047B5128F16E6700274B81 /* Persistence.swift */; };
		E4047B5528F16E6700274B81 /* MedicationExport.xcdatamodeld in Sources */ = {isa = PBXBuildFile; fileRef = E4047B5328F16E6700274B81 /* MedicationExport.xcdatamodeld */; };
		E4047B6028F16E6800274B81 /* MedicationExportTests.swift in Sources */ = {isa = PBXBuildFile; fileRef = E4047B5F28F16E6800274B81 /* MedicationExportTests.swift */; };
		E4047B6A28F16E6800274B81 /* MedicationExportUITests.swift in Sources */ = {isa = PBXBuildFile; fileRef = E4047B6928F16E6800274B81 /* MedicationExportUITests.swift */; };
		E4047B6C28F16E6800274B81 /* MedicationExportUITestsLaunchTests.swift in Sources */ = {isa = PBXBuildFile; fileRef = E4047B6B28F16E6800274B81 /* MedicationExportUITestsLaunchTests.swift */; };
/* End PBXBuildFile section */

/* Begin PBXContainerItemProxy section */
		E4047B5C28F16E6800274B81 /* PBXContainerItemProxy */ = {
			isa = PBXContainerItemProxy;
			containerPortal = E4047B3D28F16E6600274B81 /* Project object */;
			proxyType = 1;
			remoteGlobalIDString = E4047B4428F16E6600274B81;
			remoteInfo = MedicationExport;
		};
		E4047B6628F16E6800274B81 /* PBXContainerItemProxy */ = {
			isa = PBXContainerItemProxy;
			containerPortal = E4047B3D28F16E6600274B81 /* Project object */;
			proxyType = 1;
			remoteGlobalIDString = E4047B4428F16E6600274B81;
			remoteInfo = MedicationExport;
		};
/* End PBXContainerItemProxy section */

/* Begin PBXFileReference section */
		E4047B4528F16E6600274B81 /* MedicationExport.app */ = {isa = PBXFileReference; explicitFileType = wrapper.application; includeInIndex = 0; path = MedicationExport.app; sourceTree = BUILT_PRODUCTS_DIR; };
		E4047B4828F16E6600274B81 /* MedicationExportApp.swift */ = {isa = PBXFileReference; lastKnownFileType = sourcecode.swift; path = MedicationExportApp.swift; sourceTree = "<group>"; };
		E4047B4A28F16E6600274B81 /* ContentView.swift */ = {isa = PBXFileReference; lastKnownFileType = sourcecode.swift; path = ContentView.swift; sourceTree = "<group>"; };
		E4047B4C28F16E6700274B81 /* Assets.xcassets */ = {isa = PBXFileReference; lastKnownFileType = folder.assetcatalog; path = Assets.xcassets; sourceTree = "<group>"; };
		E4047B4F28F16E6700274B81 /* Preview Assets.xcassets */ = {isa = PBXFileReference; lastKnownFileType = folder.assetcatalog; path = "Preview Assets.xcassets"; sourceTree = "<group>"; };
		E4047B5128F16E6700274B81 /* Persistence.swift */ = {isa = PBXFileReference; lastKnownFileType = sourcecode.swift; path = Persistence.swift; sourceTree = "<group>"; };
		E4047B5428F16E6700274B81 /* MedicationExport.xcdatamodel */ = {isa = PBXFileReference; lastKnownFileType = wrapper.xcdatamodel; path = MedicationExport.xcdatamodel; sourceTree = "<group>"; };
		E4047B5628F16E6700274B81 /* Info.plist */ = {isa = PBXFileReference; lastKnownFileType = text.plist.xml; path = Info.plist; sourceTree = "<group>"; };
		E4047B5B28F16E6800274B81 /* MedicationExportTests.xctest */ = {isa = PBXFileReference; explicitFileType = wrapper.cfbundle; includeInIndex = 0; path = MedicationExportTests.xctest; sourceTree = BUILT_PRODUCTS_DIR; };
		E4047B5F28F16E6800274B81 /* MedicationExportTests.swift */ = {isa = PBXFileReference; lastKnownFileType = sourcecode.swift; path = MedicationExportTests.swift; sourceTree = "<group>"; };
		E4047B6528F16E6800274B81 /* MedicationExportUITests.xctest */ = {isa = PBXFileReference; explicitFileType = wrapper.cfbundle; includeInIndex = 0; path = MedicationExportUITests.xctest; sourceTree = BUILT_PRODUCTS_DIR; };
		E4047B6928F16E6800274B81 /* MedicationExportUITests.swift */ = {isa = PBXFileReference; lastKnownFileType = sourcecode.swift; path = MedicationExportUITests.swift; sourceTree = "<group>"; };
		E4047B6B28F16E6800274B81 /* MedicationExportUITestsLaunchTests.swift */ = {isa = PBXFileReference; lastKnownFileType = sourcecode.swift; path = MedicationExportUITestsLaunchTests.swift; sourceTree = "<group>"; };
/* End PBXFileReference section */

/* Begin PBXFrameworksBuildPhase section */
		E4047B4228F16E6600274B81 /* Frameworks */ = {
			isa = PBXFrameworksBuildPhase;
			buildActionMask = 2147483647;
			files = (
			);
			runOnlyForDeploymentPostprocessing = 0;
		};
		E4047B5828F16E6800274B81 /* Frameworks */ = {
			isa = PBXFrameworksBuildPhase;
			buildActionMask = 2147483647;
			files = (
			);
			runOnlyForDeploymentPostprocessing = 0;
		};
		E4047B6228F16E6800274B81 /* Frameworks */ = {
			isa = PBXFrameworksBuildPhase;
			buildActionMask = 2147483647;
			files = (
			);
			runOnlyForDeploymentPostprocessing = 0;
		};
/* End PBXFrameworksBuildPhase section */

/* Begin PBXGroup section */
		E4047B3C28F16E6600274B81 = {
			isa = PBXGroup;
			children = (
				E4047B4728F16E6600274B81 /* MedicationExport */,
				E4047B5E28F16E6800274B81 /* MedicationExportTests */,
				E4047B6828F16E6800274B81 /* MedicationExportUITests */,
				E4047B4628F16E6600274B81 /* Products */,
			);
			sourceTree = "<group>";
		};
		E4047B4628F16E6600274B81 /* Products */ = {
			isa = PBXGroup;
			children = (
				E4047B4528F16E6600274B81 /* MedicationExport.app */,
				E4047B5B28F16E6800274B81 /* MedicationExportTests.xctest */,
				E4047B6528F16E6800274B81 /* MedicationExportUITests.xctest */,
			);
			name = Products;
			sourceTree = "<group>";
		};
		E4047B4728F16E6600274B81 /* MedicationExport */ = {
			isa = PBXGroup;
			children = (
				E4047B4828F16E6600274B81 /* MedicationExportApp.swift */,
				E4047B4A28F16E6600274B81 /* ContentView.swift */,
				E4047B4C28F16E6700274B81 /* Assets.xcassets */,
				E4047B5128F16E6700274B81 /* Persistence.swift */,
				E4047B5628F16E6700274B81 /* Info.plist */,
				E4047B5328F16E6700274B81 /* MedicationExport.xcdatamodeld */,
				E4047B4E28F16E6700274B81 /* Preview Content */,
			);
			path = MedicationExport;
			sourceTree = "<group>";
		};
		E4047B4E28F16E6700274B81 /* Preview Content */ = {
			isa = PBXGroup;
			children = (
				E4047B4F28F16E6700274B81 /* Preview Assets.xcassets */,
			);
			path = "Preview Content";
			sourceTree = "<group>";
		};
		E4047B5E28F16E6800274B81 /* MedicationExportTests */ = {
			isa = PBXGroup;
			children = (
				E4047B5F28F16E6800274B81 /* MedicationExportTests.swift */,
			);
			path = MedicationExportTests;
			sourceTree = "<group>";
		};
		E4047B6828F16E6800274B81 /* MedicationExportUITests */ = {
			isa = PBXGroup;
			children = (
				E4047B6928F16E6800274B81 /* MedicationExportUITests.swift */,
				E4047B6B28F16E6800274B81 /* MedicationExportUITestsLaunchTests.swift */,
			);
			path = MedicationExportUITests;
			sourceTree = "<group>";
		};
/* End PBXGroup section */

/* Begin PBXNativeTarget section */
		E4047B4428F16E6600274B81 /* MedicationExport */ = {
			isa = PBXNativeTarget;
			buildConfigurationList = E4047B6F28F16E6800274B81 /* Build configuration list for PBXNativeTarget "MedicationExport" */;
			buildPhases = (
				E4047B4128F16E6600274B81 /* Sources */,
				E4047B4228F16E6600274B81 /* Frameworks */,
				E4047B4328F16E6600274B81 /* Resources */,
			);
			buildRules = (
			);
			dependencies = (
			);
			name = MedicationExport;
			productName = MedicationExport;
			productReference = E4047B4528F16E6600274B81 /* MedicationExport.app */;
			productType = "com.apple.product-type.application";
		};
		E4047B5A28F16E6800274B81 /* MedicationExportTests */ = {
			isa = PBXNativeTarget;
			buildConfigurationList = E4047B7228F16E6800274B81 /* Build configuration list for PBXNativeTarget "MedicationExportTests" */;
			buildPhases = (
				E4047B5728F16E6800274B81 /* Sources */,
				E4047B5828F16E6800274B81 /* Frameworks */,
				E4047B5928F16E6800274B81 /* Resources */,
			);
			buildRules = (
			);
			dependencies = (
				E4047B5D28F16E6800274B81 /* PBXTargetDependency */,
			);
			name = MedicationExportTests;
			productName = MedicationExportTests;
			productReference = E4047B5B28F16E6800274B81 /* MedicationExportTests.xctest */;
			productType = "com.apple.product-type.bundle.unit-test";
		};
		E4047B6428F16E6800274B81 /* MedicationExportUITests */ = {
			isa = PBXNativeTarget;
			buildConfigurationList = E4047B7528F16E6800274B81 /* Build configuration list for PBXNativeTarget "MedicationExportUITests" */;
			buildPhases = (
				E4047B6128F16E6800274B81 /* Sources */,
				E4047B6228F16E6800274B81 /* Frameworks */,
				E4047B6328F16E6800274B81 /* Resources */,
			);
			buildRules = (
			);
			dependencies = (
				E4047B6728F16E6800274B81 /* PBXTargetDependency */,
			);
			name = MedicationExportUITests;
			productName = MedicationExportUITests;
			productReference = E4047B6528F16E6800274B81 /* MedicationExportUITests.xctest */;
			productType = "com.apple.product-type.bundle.ui-testing";
		};
/* End PBXNativeTarget section */

/* Begin PBXProject section */
		E4047B3D28F16E6600274B81 /* Project object */ = {
			isa = PBXProject;
			attributes = {
				BuildIndependentTargetsInParallel = 1;
				LastSwiftUpdateCheck = 1400;
				LastUpgradeCheck = 1400;
				TargetAttributes = {
					E4047B4428F16E6600274B81 = {
						CreatedOnToolsVersion = 14.0;
					};
					E4047B5A28F16E6800274B81 = {
						CreatedOnToolsVersion = 14.0;
						TestTargetID = E4047B4428F16E6600274B81;
					};
					E4047B6428F16E6800274B81 = {
						CreatedOnToolsVersion = 14.0;
						TestTargetID = E4047B4428F16E6600274B81;
					};
				};
			};
			buildConfigurationList = E4047B4028F16E6600274B81 /* Build configuration list for PBXProject "MedicationExport" */;
			compatibilityVersion = "Xcode 14.0";
			developmentRegion = en;
			hasScannedForEncodings = 0;
			knownRegions = (
				en,
				Base,
			);
			mainGroup = E4047B3C28F16E6600274B81;
			productRefGroup = E4047B4628F16E6600274B81 /* Products */;
			projectDirPath = "";
			projectRoot = "";
			targets = (
				E4047B4428F16E6600274B81 /* MedicationExport */,
				E4047B5A28F16E6800274B81 /* MedicationExportTests */,
				E4047B6428F16E6800274B81 /* MedicationExportUITests */,
			);
		};
/* End PBXProject section */

/* Begin PBXResourcesBuildPhase section */
		E4047B4328F16E6600274B81 /* Resources */ = {
			isa = PBXResourcesBuildPhase;
			buildActionMask = 2147483647;
			files = (
				E4047B5028F16E6700274B81 /* Preview Assets.xcassets in Resources */,
				E4047B4D28F16E6700274B81 /* Assets.xcassets in Resources */,
			);
			runOnlyForDeploymentPostprocessing = 0;
		};
		E4047B5928F16E6800274B81 /* Resources */ = {
			isa = PBXResourcesBuildPhase;
			buildActionMask = 2147483647;
			files = (
			);
			runOnlyForDeploymentPostprocessing = 0;
		};
		E4047B6328F16E6800274B81 /* Resources */ = {
			isa = PBXResourcesBuildPhase;
			buildActionMask = 2147483647;
			files = (
			);
			runOnlyForDeploymentPostprocessing = 0;
		};
/* End PBXResourcesBuildPhase section */

/* Begin PBXSourcesBuildPhase section */
		E4047B4128F16E6600274B81 /* Sources */ = {
			isa = PBXSourcesBuildPhase;
			buildActionMask = 2147483647;
			files = (
				E4047B5528F16E6700274B81 /* MedicationExport.xcdatamodeld in Sources */,
				E4047B5228F16E6700274B81 /* Persistence.swift in Sources */,
				E4047B4B28F16E6600274B81 /* ContentView.swift in Sources */,
				E4047B4928F16E6600274B81 /* MedicationExportApp.swift in Sources */,
			);
			runOnlyForDeploymentPostprocessing = 0;
		};
		E4047B5728F16E6800274B81 /* Sources */ = {
			isa = PBXSourcesBuildPhase;
			buildActionMask = 2147483647;
			files = (
				E4047B6028F16E6800274B81 /* MedicationExportTests.swift in Sources */,
			);
			runOnlyForDeploymentPostprocessing = 0;
		};
		E4047B6128F16E6800274B81 /* Sources */ = {
			isa = PBXSourcesBuildPhase;
			buildActionMask = 2147483647;
			files = (
				E4047B6A28F16E6800274B81 /* MedicationExportUITests.swift in Sources */,
				E4047B6C28F16E6800274B81 /* MedicationExportUITestsLaunchTests.swift in Sources */,
			);
			runOnlyForDeploymentPostprocessing = 0;
		};
/* End PBXSourcesBuildPhase section */

/* Begin PBXTargetDependency section */
		E4047B5D28F16E6800274B81 /* PBXTargetDependency */ = {
			isa = PBXTargetDependency;
			target = E4047B4428F16E6600274B81 /* MedicationExport */;
			targetProxy = E4047B5C28F16E6800274B81 /* PBXContainerItemProxy */;
		};
		E4047B6728F16E6800274B81 /* PBXTargetDependency */ = {
			isa = PBXTargetDependency;
			target = E4047B4428F16E6600274B81 /* MedicationExport */;
			targetProxy = E4047B6628F16E6800274B81 /* PBXContainerItemProxy */;
		};
/* End PBXTargetDependency section */

/* Begin XCBuildConfiguration section */
		E4047B6D28F16E6800274B81 /* Debug */ = {
			isa = XCBuildConfiguration;
			buildSettings = {
				ALWAYS_SEARCH_USER_PATHS = NO;
				CLANG_ANALYZER_NONNULL = YES;
				CLANG_ANALYZER_NUMBER_OBJECT_CONVERSION = YES_AGGRESSIVE;
				CLANG_CXX_LANGUAGE_STANDARD = "gnu++20";
				CLANG_ENABLE_MODULES = YES;
				CLANG_ENABLE_OBJC_ARC = YES;
				CLANG_ENABLE_OBJC_WEAK = YES;
				CLANG_WARN_BLOCK_CAPTURE_AUTORELEASING = YES;
				CLANG_WARN_BOOL_CONVERSION = YES;
				CLANG_WARN_COMMA = YES;
				CLANG_WARN_CONSTANT_CONVERSION = YES;
				CLANG_WARN_DEPRECATED_OBJC_IMPLEMENTATIONS = YES;
				CLANG_WARN_DIRECT_OBJC_ISA_USAGE = YES_ERROR;
				CLANG_WARN_DOCUMENTATION_COMMENTS = YES;
				CLANG_WARN_EMPTY_BODY = YES;
				CLANG_WARN_ENUM_CONVERSION = YES;
				CLANG_WARN_INFINITE_RECURSION = YES;
				CLANG_WARN_INT_CONVERSION = YES;
				CLANG_WARN_NON_LITERAL_NULL_CONVERSION = YES;
				CLANG_WARN_OBJC_IMPLICIT_RETAIN_SELF = YES;
				CLANG_WARN_OBJC_LITERAL_CONVERSION = YES;
				CLANG_WARN_OBJC_ROOT_CLASS = YES_ERROR;
				CLANG_WARN_QUOTED_INCLUDE_IN_FRAMEWORK_HEADER = YES;
				CLANG_WARN_RANGE_LOOP_ANALYSIS = YES;
				CLANG_WARN_STRICT_PROTOTYPES = YES;
				CLANG_WARN_SUSPICIOUS_MOVE = YES;
				CLANG_WARN_UNGUARDED_AVAILABILITY = YES_AGGRESSIVE;
				CLANG_WARN_UNREACHABLE_CODE = YES;
				CLANG_WARN__DUPLICATE_METHOD_MATCH = YES;
				COPY_PHASE_STRIP = NO;
				DEBUG_INFORMATION_FORMAT = dwarf;
				ENABLE_STRICT_OBJC_MSGSEND = YES;
				ENABLE_TESTABILITY = YES;
				GCC_C_LANGUAGE_STANDARD = gnu11;
				GCC_DYNAMIC_NO_PIC = NO;
				GCC_NO_COMMON_BLOCKS = YES;
				GCC_OPTIMIZATION_LEVEL = 0;
				GCC_PREPROCESSOR_DEFINITIONS = (
					"DEBUG=1",
					"$(inherited)",
				);
				GCC_WARN_64_TO_32_BIT_CONVERSION = YES;
				GCC_WARN_ABOUT_RETURN_TYPE = YES_ERROR;
				GCC_WARN_UNDECLARED_SELECTOR = YES;
				GCC_WARN_UNINITIALIZED_AUTOS = YES_AGGRESSIVE;
				GCC_WARN_UNUSED_FUNCTION = YES;
				GCC_WARN_UNUSED_VARIABLE = YES;
				IPHONEOS_DEPLOYMENT_TARGET = 16.0;
				MTL_ENABLE_DEBUG_INFO = INCLUDE_SOURCE;
				MTL_FAST_MATH = YES;
				ONLY_ACTIVE_ARCH = YES;
				SDKROOT = iphoneos;
				SWIFT_ACTIVE_COMPILATION_CONDITIONS = DEBUG;
				SWIFT_OPTIMIZATION_LEVEL = "-Onone";
			};
			name = Debug;
		};
		E4047B6E28F16E6800274B81 /* Release */ = {
			isa = XCBuildConfiguration;
			buildSettings = {
				ALWAYS_SEARCH_USER_PATHS = NO;
				CLANG_ANALYZER_NONNULL = YES;
				CLANG_ANALYZER_NUMBER_OBJECT_CONVERSION = YES_AGGRESSIVE;
				CLANG_CXX_LANGUAGE_STANDARD = "gnu++20";
				CLANG_ENABLE_MODULES = YES;
				CLANG_ENABLE_OBJC_ARC = YES;
				CLANG_ENABLE_OBJC_WEAK = YES;
				CLANG_WARN_BLOCK_CAPTURE_AUTORELEASING = YES;
				CLANG_WARN_BOOL_CONVERSION = YES;
				CLANG_WARN_COMMA = YES;
				CLANG_WARN_CONSTANT_CONVERSION = YES;
				CLANG_WARN_DEPRECATED_OBJC_IMPLEMENTATIONS = YES;
				CLANG_WARN_DIRECT_OBJC_ISA_USAGE = YES_ERROR;
				CLANG_WARN_DOCUMENTATION_COMMENTS = YES;
				CLANG_WARN_EMPTY_BODY = YES;
				CLANG_WARN_ENUM_CONVERSION = YES;
				CLANG_WARN_INFINITE_RECURSION = YES;
				CLANG_WARN_INT_CONVERSION = YES;
				CLANG_WARN_NON_LITERAL_NULL_CONVERSION = YES;
				CLANG_WARN_OBJC_IMPLICIT_RETAIN_SELF = YES;
				CLANG_WARN_OBJC_LITERAL_CONVERSION = YES;
				CLANG_WARN_OBJC_ROOT_CLASS = YES_ERROR;
				CLANG_WARN_QUOTED_INCLUDE_IN_FRAMEWORK_HEADER = YES;
				CLANG_WARN_RANGE_LOOP_ANALYSIS = YES;
				CLANG_WARN_STRICT_PROTOTYPES = YES;
				CLANG_WARN_SUSPICIOUS_MOVE = YES;
				CLANG_WARN_UNGUARDED_AVAILABILITY = YES_AGGRESSIVE;
				CLANG_WARN_UNREACHABLE_CODE = YES;
				CLANG_WARN__DUPLICATE_METHOD_MATCH = YES;
				COPY_PHASE_STRIP = NO;
				DEBUG_INFORMATION_FORMAT = "dwarf-with-dsym";
				ENABLE_NS_ASSERTIONS = NO;
				ENABLE_STRICT_OBJC_MSGSEND = YES;
				GCC_C_LANGUAGE_STANDARD = gnu11;
				GCC_NO_COMMON_BLOCKS = YES;
				GCC_WARN_64_TO_32_BIT_CONVERSION = YES;
				GCC_WARN_ABOUT_RETURN_TYPE = YES_ERROR;
				GCC_WARN_UNDECLARED_SELECTOR = YES;
				GCC_WARN_UNINITIALIZED_AUTOS = YES_AGGRESSIVE;
				GCC_WARN_UNUSED_FUNCTION = YES;
				GCC_WARN_UNUSED_VARIABLE = YES;
				IPHONEOS_DEPLOYMENT_TARGET = 16.0;
				MTL_ENABLE_DEBUG_INFO = NO;
				MTL_FAST_MATH = YES;
				SDKROOT = iphoneos;
				SWIFT_COMPILATION_MODE = wholemodule;
				SWIFT_OPTIMIZATION_LEVEL = "-O";
				VALIDATE_PRODUCT = YES;
			};
			name = Release;
		};
		E4047B7028F16E6800274B81 /* Debug */ = {
			isa = XCBuildConfiguration;
			buildSettings = {
				ASSETCATALOG_COMPILER_APPICON_NAME = AppIcon;
				ASSETCATALOG_COMPILER_GLOBAL_ACCENT_COLOR_NAME = AccentColor;
				CODE_SIGN_STYLE = Automatic;
				CURRENT_PROJECT_VERSION = 1;
				DEVELOPMENT_ASSET_PATHS = "\"MedicationExport/Preview Content\"";
				DEVELOPMENT_TEAM = ENT89NLKC9;
				ENABLE_PREVIEWS = YES;
				GENERATE_INFOPLIST_FILE = YES;
				INFOPLIST_KEY_UIApplicationSceneManifest_Generation = YES;
				INFOPLIST_KEY_UIApplicationSupportsIndirectInputEvents = YES;
				INFOPLIST_KEY_UILaunchScreen_Generation = YES;
				INFOPLIST_KEY_UISupportedInterfaceOrientations_iPad = "UIInterfaceOrientationPortrait UIInterfaceOrientationPortraitUpsideDown UIInterfaceOrientationLandscapeLeft UIInterfaceOrientationLandscapeRight";
				INFOPLIST_KEY_UISupportedInterfaceOrientations_iPhone = "UIInterfaceOrientationPortrait UIInterfaceOrientationLandscapeLeft UIInterfaceOrientationLandscapeRight";
				LD_RUNPATH_SEARCH_PATHS = (
					"$(inherited)",
					"@executable_path/Frameworks",
				);
				MARKETING_VERSION = 1.0;
				PRODUCT_BUNDLE_IDENTIFIER = com.persukibo.MedicationExport;
				PRODUCT_NAME = "$(TARGET_NAME)";
				SWIFT_EMIT_LOC_STRINGS = YES;
				SWIFT_VERSION = 5.0;
				TARGETED_DEVICE_FAMILY = "1,2";
			};
			name = Debug;
		};
		E4047B7128F16E6800274B81 /* Release */ = {
			isa = XCBuildConfiguration;
			buildSettings = {
				ASSETCATALOG_COMPILER_APPICON_NAME = AppIcon;
				ASSETCATALOG_COMPILER_GLOBAL_ACCENT_COLOR_NAME = AccentColor;
				CODE_SIGN_STYLE = Automatic;
				CURRENT_PROJECT_VERSION = 1;
				DEVELOPMENT_ASSET_PATHS = "\"MedicationExport/Preview Content\"";
				DEVELOPMENT_TEAM = ENT89NLKC9;
				ENABLE_PREVIEWS = YES;
				GENERATE_INFOPLIST_FILE = YES;
				INFOPLIST_KEY_UIApplicationSceneManifest_Generation = YES;
				INFOPLIST_KEY_UIApplicationSupportsIndirectInputEvents = YES;
				INFOPLIST_KEY_UILaunchScreen_Generation = YES;
				INFOPLIST_KEY_UISupportedInterfaceOrientations_iPad = "UIInterfaceOrientationPortrait UIInterfaceOrientationPortraitUpsideDown UIInterfaceOrientationLandscapeLeft UIInterfaceOrientationLandscapeRight";
				INFOPLIST_KEY_UISupportedInterfaceOrientations_iPhone = "UIInterfaceOrientationPortrait UIInterfaceOrientationLandscapeLeft UIInterfaceOrientationLandscapeRight";
				LD_RUNPATH_SEARCH_PATHS = (
					"$(inherited)",
					"@executable_path/Frameworks",
				);
				MARKETING_VERSION = 1.0;
				PRODUCT_BUNDLE_IDENTIFIER = com.persukibo.MedicationExport;
				PRODUCT_NAME = "$(TARGET_NAME)";
				SWIFT_EMIT_LOC_STRINGS = YES;
				SWIFT_VERSION = 5.0;
				TARGETED_DEVICE_FAMILY = "1,2";
			};
			name = Release;
		};
		E4047B7328F16E6800274B81 /* Debug */ = {
			isa = XCBuildConfiguration;
			buildSettings = {
				ALWAYS_EMBED_SWIFT_STANDARD_LIBRARIES = YES;
				BUNDLE_LOADER = "$(TEST_HOST)";
				CODE_SIGN_STYLE = Automatic;
				CURRENT_PROJECT_VERSION = 1;
				DEVELOPMENT_TEAM = ENT89NLKC9;
				GENERATE_INFOPLIST_FILE = YES;
				IPHONEOS_DEPLOYMENT_TARGET = 16.0;
				MARKETING_VERSION = 1.0;
				PRODUCT_BUNDLE_IDENTIFIER = com.persukibo.MedicationExportTests;
				PRODUCT_NAME = "$(TARGET_NAME)";
				SWIFT_EMIT_LOC_STRINGS = NO;
				SWIFT_VERSION = 5.0;
				TARGETED_DEVICE_FAMILY = "1,2";
				TEST_HOST = "$(BUILT_PRODUCTS_DIR)/MedicationExport.app/$(BUNDLE_EXECUTABLE_FOLDER_PATH)/MedicationExport";
			};
			name = Debug;
		};
		E4047B7428F16E6800274B81 /* Release */ = {
			isa = XCBuildConfiguration;
			buildSettings = {
				ALWAYS_EMBED_SWIFT_STANDARD_LIBRARIES = YES;
				BUNDLE_LOADER = "$(TEST_HOST)";
				CODE_SIGN_STYLE = Automatic;
				CURRENT_PROJECT_VERSION = 1;
				DEVELOPMENT_TEAM = ENT89NLKC9;
				GENERATE_INFOPLIST_FILE = YES;
				IPHONEOS_DEPLOYMENT_TARGET = 16.0;
				MARKETING_VERSION = 1.0;
				PRODUCT_BUNDLE_IDENTIFIER = com.persukibo.MedicationExportTests;
				PRODUCT_NAME = "$(TARGET_NAME)";
				SWIFT_EMIT_LOC_STRINGS = NO;
				SWIFT_VERSION = 5.0;
				TARGETED_DEVICE_FAMILY = "1,2";
				TEST_HOST = "$(BUILT_PRODUCTS_DIR)/MedicationExport.app/$(BUNDLE_EXECUTABLE_FOLDER_PATH)/MedicationExport";
			};
			name = Release;
		};
		E4047B7628F16E6800274B81 /* Debug */ = {
			isa = XCBuildConfiguration;
			buildSettings = {
				ALWAYS_EMBED_SWIFT_STANDARD_LIBRARIES = YES;
				CODE_SIGN_STYLE = Automatic;
				CURRENT_PROJECT_VERSION = 1;
				DEVELOPMENT_TEAM = ENT89NLKC9;
				GENERATE_INFOPLIST_FILE = YES;
				MARKETING_VERSION = 1.0;
				PRODUCT_BUNDLE_IDENTIFIER = com.persukibo.MedicationExportUITests;
				PRODUCT_NAME = "$(TARGET_NAME)";
				SWIFT_EMIT_LOC_STRINGS = NO;
				SWIFT_VERSION = 5.0;
				TARGETED_DEVICE_FAMILY = "1,2";
				TEST_TARGET_NAME = MedicationExport;
			};
			name = Debug;
		};
		E4047B7728F16E6800274B81 /* Release */ = {
			isa = XCBuildConfiguration;
			buildSettings = {
				ALWAYS_EMBED_SWIFT_STANDARD_LIBRARIES = YES;
				CODE_SIGN_STYLE = Automatic;
				CURRENT_PROJECT_VERSION = 1;
				DEVELOPMENT_TEAM = ENT89NLKC9;
				GENERATE_INFOPLIST_FILE = YES;
				MARKETING_VERSION = 1.0;
				PRODUCT_BUNDLE_IDENTIFIER = com.persukibo.MedicationExportUITests;
				PRODUCT_NAME = "$(TARGET_NAME)";
				SWIFT_EMIT_LOC_STRINGS = NO;
				SWIFT_VERSION = 5.0;
				TARGETED_DEVICE_FAMILY = "1,2";
				TEST_TARGET_NAME = MedicationExport;
			};
			name = Release;
		};
/* End XCBuildConfiguration section */

/* Begin XCConfigurationList section */
		E4047B4028F16E6600274B81 /* Build configuration list for PBXProject "MedicationExport" */ = {
			isa = XCConfigurationList;
			buildConfigurations = (
				E4047B6D28F16E6800274B81 /* Debug */,
				E4047B6E28F16E6800274B81 /* Release */,
			);
			defaultConfigurationIsVisible = 0;
			defaultConfigurationName = Release;
		};
		E4047B6F28F16E6800274B81 /* Build configuration list for PBXNativeTarget "MedicationExport" */ = {
			isa = XCConfigurationList;
			buildConfigurations = (
				E4047B7028F16E6800274B81 /* Debug */,
				E4047B7128F16E6800274B81 /* Release */,
			);
			defaultConfigurationIsVisible = 0;
			defaultConfigurationName = Release;
		};
		E4047B7228F16E6800274B81 /* Build configuration list for PBXNativeTarget "MedicationExportTests" */ = {
			isa = XCConfigurationList;
			buildConfigurations = (
				E4047B7328F16E6800274B81 /* Debug */,
				E4047B7428F16E6800274B81 /* Release */,
			);
			defaultConfigurationIsVisible = 0;
			defaultConfigurationName = Release;
		};
		E4047B7528F16E6800274B81 /* Build configuration list for PBXNativeTarget "MedicationExportUITests" */ = {
			isa = XCConfigurationList;
			buildConfigurations = (
				E4047B7628F16E6800274B81 /* Debug */,
				E4047B7728F16E6800274B81 /* Release */,
			);
			defaultConfigurationIsVisible = 0;
			defaultConfigurationName = Release;
		};
/* End XCConfigurationList section */

/* Begin XCVersionGroup section */
		E4047B5328F16E6700274B81 /* MedicationExport.xcdatamodeld */ = {
			isa = XCVersionGroup;
			children = (
				E4047B5428F16E6700274B81 /* MedicationExport.xcdatamodel */,
			);
			currentVersion = E4047B5428F16E6700274B81 /* MedicationExport.xcdatamodel */;
			path = MedicationExport.xcdatamodeld;
			sourceTree = "<group>";
			versionGroupType = wrapper.xcdatamodel;
		};
/* End XCVersionGroup section */
	};
	rootObject = E4047B3D28F16E6600274B81 /* Project object */;
}
